
Microsoft Visual Studio Solution File, Format Version 12.00
# Visual Studio Version 16
VisualStudioVersion = 16.0.30804.86
MinimumVisualStudioVersion = 10.0.40219.1
Project("{FAE04EC0-301F-11D3-BF4B-00C04F79EFBC}") = "TIAEKtool", "TIAEKtool\TIAEKtool.csproj", "{B3D78D33-58BC-465C-A5AF-60517D160ACB}"
EndProject
Project("{FAE04EC0-301F-11D3-BF4B-00C04F79EFBC}") = "TIAEKtoolTest", "TIAEKtoolTest\TIAEKtoolTest.csproj", "{A5060FFD-087E-4CA4-87A2-EBAA7FF9D08B}"
EndProject
Project("{2150E333-8FDC-42A3-9474-1A3956D46DE8}") = "Solution Items", "Solution Items", "{D400732D-EF47-440D-B416-05607BFA9B3C}"
EndProject
Global
	GlobalSection(SolutionConfigurationPlatforms) = preSolution
		Debug|Any CPU = Debug|Any CPU
		Release|Any CPU = Release|Any CPU
	EndGlobalSection
	GlobalSection(ProjectConfigurationPlatforms) = postSolution
		{B3D78D33-58BC-465C-A5AF-60517D160ACB}.Debug|Any CPU.ActiveCfg = Debug|Any CPU
		{B3D78D33-58BC-465C-A5AF-60517D160ACB}.Debug|Any CPU.Build.0 = Debug|Any CPU
		{B3D78D33-58BC-465C-A5AF-60517D160ACB}.Release|Any CPU.ActiveCfg = Release|Any CPU
		{B3D78D33-58BC-465C-A5AF-60517D160ACB}.Release|Any CPU.Build.0 = Release|Any CPU
		{A5060FFD-087E-4CA4-87A2-EBAA7FF9D08B}.Debug|Any CPU.ActiveCfg = Debug|Any CPU
		{A5060FFD-087E-4CA4-87A2-EBAA7FF9D08B}.Debug|Any CPU.Build.0 = Debug|Any CPU
		{A5060FFD-087E-4CA4-87A2-EBAA7FF9D08B}.Release|Any CPU.ActiveCfg = Release|Any CPU
		{A5060FFD-087E-4CA4-87A2-EBAA7FF9D08B}.Release|Any CPU.Build.0 = Release|Any CPU
	EndGlobalSection
	GlobalSection(SolutionProperties) = preSolution
		HideSolutionNode = FALSE
	EndGlobalSection
	GlobalSection(ExtensibilityGlobals) = postSolution
		SolutionGuid = {0DAA97F7-079C-46DF-B44C-0A3CD8492561}
	EndGlobalSection
EndGlobal
